
Microsoft Visual Studio Solution File, Format Version 12.00
# Visual Studio 15
VisualStudioVersion = 15.0.27703.1
MinimumVisualStudioVersion = 10.0.40219.1
Project("{FAE04EC0-301F-11D3-BF4B-00C04F79EFBC}") = "LibreriaBasura", "LibreriaBasura\LibreriaBasura.csproj", "{11ECD1C8-AEE7-4A66-AA95-73F276DA60FC}"
EndProject
Global
	GlobalSection(SolutionConfigurationPlatforms) = preSolution
		Debug|Any CPU = Debug|Any CPU
		Release|Any CPU = Release|Any CPU
	EndGlobalSection
	GlobalSection(ProjectConfigurationPlatforms) = postSolution
		{11ECD1C8-AEE7-4A66-AA95-73F276DA60FC}.Debug|Any CPU.ActiveCfg = Debug|Any CPU
		{11ECD1C8-AEE7-4A66-AA95-73F276DA60FC}.Debug|Any CPU.Build.0 = Debug|Any CPU
		{11ECD1C8-AEE7-4A66-AA95-73F276DA60FC}.Release|Any CPU.ActiveCfg = Release|Any CPU
		{11ECD1C8-AEE7-4A66-AA95-73F276DA60FC}.Release|Any CPU.Build.0 = Release|Any CPU
	EndGlobalSection
	GlobalSection(SolutionProperties) = preSolution
		HideSolutionNode = FALSE
	EndGlobalSection
	GlobalSection(ExtensibilityGlobals) = postSolution
		SolutionGuid = {74048AF7-3AC5-4EF3-8B0D-71248D3C8734}
	EndGlobalSection
EndGlobal
